
Microsoft Visual Studio Solution File, Format Version 12.00
# Visual Studio Version 17
VisualStudioVersion = 17.7.34009.444
MinimumVisualStudioVersion = 10.0.40219.1
Project("{9A19103F-16F7-4668-BE54-9A1E7A4F7556}") = "K2DemoWorkFlow", "K2DemoWorkFlow\K2DemoWorkFlow.csproj", "{BE9F41B2-BEEB-468E-8567-B27CB33995D9}"
EndProject
Project("{FAE04EC0-301F-11D3-BF4B-00C04F79EFBC}") = "K2DemoWorkFlow.Domain", "K2DemoWorkFlow.Domain\K2DemoWorkFlow.Domain.csproj", "{FA919409-6B5A-4CD7-8E84-E7065326D98D}"
EndProject
Global
	GlobalSection(SolutionConfigurationPlatforms) = preSolution
		Debug|Any CPU = Debug|Any CPU
		Release|Any CPU = Release|Any CPU
	EndGlobalSection
	GlobalSection(ProjectConfigurationPlatforms) = postSolution
		{BE9F41B2-BEEB-468E-8567-B27CB33995D9}.Debug|Any CPU.ActiveCfg = Debug|Any CPU
		{BE9F41B2-BEEB-468E-8567-B27CB33995D9}.Debug|Any CPU.Build.0 = Debug|Any CPU
		{BE9F41B2-BEEB-468E-8567-B27CB33995D9}.Release|Any CPU.ActiveCfg = Release|Any CPU
		{BE9F41B2-BEEB-468E-8567-B27CB33995D9}.Release|Any CPU.Build.0 = Release|Any CPU
		{FA919409-6B5A-4CD7-8E84-E7065326D98D}.Debug|Any CPU.ActiveCfg = Debug|Any CPU
		{FA919409-6B5A-4CD7-8E84-E7065326D98D}.Debug|Any CPU.Build.0 = Debug|Any CPU
		{FA919409-6B5A-4CD7-8E84-E7065326D98D}.Release|Any CPU.ActiveCfg = Release|Any CPU
		{FA919409-6B5A-4CD7-8E84-E7065326D98D}.Release|Any CPU.Build.0 = Release|Any CPU
	EndGlobalSection
	GlobalSection(SolutionProperties) = preSolution
		HideSolutionNode = FALSE
	EndGlobalSection
	GlobalSection(ExtensibilityGlobals) = postSolution
		SolutionGuid = {49ACA7B1-9412-4D30-86AB-DE78E06CA776}
	EndGlobalSection
EndGlobal
